
Microsoft Visual Studio Solution File, Format Version 12.00
# Visual Studio Version 16
VisualStudioVersion = 16.0.33801.447
MinimumVisualStudioVersion = 10.0.40219.1
Project("{FAE04EC0-301F-11D3-BF4B-00C04F79EFBC}") = "R3Modeller", "R3Modeller\R3Modeller.csproj", "{D453BFAC-5316-4FF4-9ED7-90C819BDDB39}"
EndProject
Project("{FAE04EC0-301F-11D3-BF4B-00C04F79EFBC}") = "R3Modeller.Core", "R3Modeller.Core\R3Modeller.Core.csproj", "{72C9259D-C385-463A-83C2-52761A3FBA68}"
EndProject
Global
	GlobalSection(SolutionConfigurationPlatforms) = preSolution
		Debug|Any CPU = Debug|Any CPU
		Release|Any CPU = Release|Any CPU
	EndGlobalSection
	GlobalSection(ProjectConfigurationPlatforms) = postSolution
		{D453BFAC-5316-4FF4-9ED7-90C819BDDB39}.Debug|Any CPU.ActiveCfg = Debug|Any CPU
		{D453BFAC-5316-4FF4-9ED7-90C819BDDB39}.Debug|Any CPU.Build.0 = Debug|Any CPU
		{D453BFAC-5316-4FF4-9ED7-90C819BDDB39}.Release|Any CPU.ActiveCfg = Release|Any CPU
		{D453BFAC-5316-4FF4-9ED7-90C819BDDB39}.Release|Any CPU.Build.0 = Release|Any CPU
		{72C9259D-C385-463A-83C2-52761A3FBA68}.Debug|Any CPU.ActiveCfg = Debug|Any CPU
		{72C9259D-C385-463A-83C2-52761A3FBA68}.Debug|Any CPU.Build.0 = Debug|Any CPU
		{72C9259D-C385-463A-83C2-52761A3FBA68}.Release|Any CPU.ActiveCfg = Release|Any CPU
		{72C9259D-C385-463A-83C2-52761A3FBA68}.Release|Any CPU.Build.0 = Release|Any CPU
	EndGlobalSection
	GlobalSection(SolutionProperties) = preSolution
		HideSolutionNode = FALSE
	EndGlobalSection
	GlobalSection(ExtensibilityGlobals) = postSolution
		SolutionGuid = {24CD7E81-1E95-4D92-BF42-71E6D0EBBAD3}
	EndGlobalSection
EndGlobal
